
Microsoft Visual Studio Solution File, Format Version 12.00
# Visual Studio Version 17
VisualStudioVersion = 17.4.33103.184
MinimumVisualStudioVersion = 10.0.40219.1
Project("{FAE04EC0-301F-11D3-BF4B-00C04F79EFBC}") = "webapi.inlock.dbFirst", "webapi.inlock.dbFirst.csproj", "{B5A432EA-6019-43DB-9A1A-254D90397E3C}"
EndProject
Global
	GlobalSection(SolutionConfigurationPlatforms) = preSolution
		Debug|Any CPU = Debug|Any CPU
		Release|Any CPU = Release|Any CPU
	EndGlobalSection
	GlobalSection(ProjectConfigurationPlatforms) = postSolution
		{B5A432EA-6019-43DB-9A1A-254D90397E3C}.Debug|Any CPU.ActiveCfg = Debug|Any CPU
		{B5A432EA-6019-43DB-9A1A-254D90397E3C}.Debug|Any CPU.Build.0 = Debug|Any CPU
		{B5A432EA-6019-43DB-9A1A-254D90397E3C}.Release|Any CPU.ActiveCfg = Release|Any CPU
		{B5A432EA-6019-43DB-9A1A-254D90397E3C}.Release|Any CPU.Build.0 = Release|Any CPU
	EndGlobalSection
	GlobalSection(SolutionProperties) = preSolution
		HideSolutionNode = FALSE
	EndGlobalSection
	GlobalSection(ExtensibilityGlobals) = postSolution
		SolutionGuid = {3738E0EA-62E4-4F6F-875A-0F2B1F0B50C6}
	EndGlobalSection
EndGlobal
